
Microsoft Visual Studio Solution File, Format Version 12.00
# Visual Studio Version 16
VisualStudioVersion = 16.0.29306.81
MinimumVisualStudioVersion = 10.0.40219.1
Project("{FAE04EC0-301F-11D3-BF4B-00C04F79EFBC}") = "CSharp-Test", "CSharp-Test\CSharp-Test.csproj", "{587CF37A-8151-46F4-94EC-BFA9A838CD6B}"
EndProject
Project("{FAE04EC0-301F-11D3-BF4B-00C04F79EFBC}") = "Console-Test", "Console-Test\Console-Test.csproj", "{DE0424FA-F97A-44ED-92CE-EC814B6959C4}"
EndProject
Global
	GlobalSection(SolutionConfigurationPlatforms) = preSolution
		Debug|Any CPU = Debug|Any CPU
		Release|Any CPU = Release|Any CPU
	EndGlobalSection
	GlobalSection(ProjectConfigurationPlatforms) = postSolution
		{587CF37A-8151-46F4-94EC-BFA9A838CD6B}.Debug|Any CPU.ActiveCfg = Debug|Any CPU
		{587CF37A-8151-46F4-94EC-BFA9A838CD6B}.Debug|Any CPU.Build.0 = Debug|Any CPU
		{587CF37A-8151-46F4-94EC-BFA9A838CD6B}.Release|Any CPU.ActiveCfg = Release|Any CPU
		{587CF37A-8151-46F4-94EC-BFA9A838CD6B}.Release|Any CPU.Build.0 = Release|Any CPU
		{DE0424FA-F97A-44ED-92CE-EC814B6959C4}.Debug|Any CPU.ActiveCfg = Debug|Any CPU
		{DE0424FA-F97A-44ED-92CE-EC814B6959C4}.Debug|Any CPU.Build.0 = Debug|Any CPU
		{DE0424FA-F97A-44ED-92CE-EC814B6959C4}.Release|Any CPU.ActiveCfg = Release|Any CPU
		{DE0424FA-F97A-44ED-92CE-EC814B6959C4}.Release|Any CPU.Build.0 = Release|Any CPU
	EndGlobalSection
	GlobalSection(SolutionProperties) = preSolution
		HideSolutionNode = FALSE
	EndGlobalSection
	GlobalSection(ExtensibilityGlobals) = postSolution
		SolutionGuid = {A4E2DF12-E547-4313-B323-5FA2F62CFF42}
	EndGlobalSection
EndGlobal
